
Microsoft Visual Studio Solution File, Format Version 12.00
# Visual Studio 2013
VisualStudioVersion = 12.0.21005.1
MinimumVisualStudioVersion = 10.0.40219.1
Project("{8BC9CEB8-8B4A-11D0-8D11-00A0C91BC942}") = "Bai5Them1phantuVaoDsLK", "Bai5Them1phantuVaoDsLK\Bai5Them1phantuVaoDsLK.vcxproj", "{865F9A98-6B6D-4506-A949-4E99E90946BC}"
EndProject
Global
	GlobalSection(SolutionConfigurationPlatforms) = preSolution
		Debug|Win32 = Debug|Win32
		Release|Win32 = Release|Win32
	EndGlobalSection
	GlobalSection(ProjectConfigurationPlatforms) = postSolution
		{865F9A98-6B6D-4506-A949-4E99E90946BC}.Debug|Win32.ActiveCfg = Debug|Win32
		{865F9A98-6B6D-4506-A949-4E99E90946BC}.Debug|Win32.Build.0 = Debug|Win32
		{865F9A98-6B6D-4506-A949-4E99E90946BC}.Release|Win32.ActiveCfg = Release|Win32
		{865F9A98-6B6D-4506-A949-4E99E90946BC}.Release|Win32.Build.0 = Release|Win32
	EndGlobalSection
	GlobalSection(SolutionProperties) = preSolution
		HideSolutionNode = FALSE
	EndGlobalSection
EndGlobal
